
Microsoft Visual Studio Solution File, Format Version 12.00
# Visual Studio Version 17
VisualStudioVersion = 17.13.35825.156 d17.13
MinimumVisualStudioVersion = 10.0.40219.1
Project("{FAE04EC0-301F-11D3-BF4B-00C04F79EFBC}") = "NM.Backend.API", "NM.Backend.API\NM.Backend.API.csproj", "{9E0FE840-6011-4251-B152-3729C5AA586D}"
EndProject
Project("{FAE04EC0-301F-11D3-BF4B-00C04F79EFBC}") = "NM.Backend.API.Tests", "NM.Backend.API.Tests\NM.Backend.API.Tests.csproj", "{C9742ABA-52BF-43CA-A506-9595FBD7E6A8}"
EndProject
Global
	GlobalSection(SolutionConfigurationPlatforms) = preSolution
		Debug|Any CPU = Debug|Any CPU
		Release|Any CPU = Release|Any CPU
	EndGlobalSection
	GlobalSection(ProjectConfigurationPlatforms) = postSolution
		{9E0FE840-6011-4251-B152-3729C5AA586D}.Debug|Any CPU.ActiveCfg = Debug|Any CPU
		{9E0FE840-6011-4251-B152-3729C5AA586D}.Debug|Any CPU.Build.0 = Debug|Any CPU
		{9E0FE840-6011-4251-B152-3729C5AA586D}.Release|Any CPU.ActiveCfg = Release|Any CPU
		{9E0FE840-6011-4251-B152-3729C5AA586D}.Release|Any CPU.Build.0 = Release|Any CPU
		{C9742ABA-52BF-43CA-A506-9595FBD7E6A8}.Debug|Any CPU.ActiveCfg = Debug|Any CPU
		{C9742ABA-52BF-43CA-A506-9595FBD7E6A8}.Debug|Any CPU.Build.0 = Debug|Any CPU
		{C9742ABA-52BF-43CA-A506-9595FBD7E6A8}.Release|Any CPU.ActiveCfg = Release|Any CPU
		{C9742ABA-52BF-43CA-A506-9595FBD7E6A8}.Release|Any CPU.Build.0 = Release|Any CPU
	EndGlobalSection
	GlobalSection(SolutionProperties) = preSolution
		HideSolutionNode = FALSE
	EndGlobalSection
	GlobalSection(ExtensibilityGlobals) = postSolution
		SolutionGuid = {2AD97E4F-E1CC-468A-8A78-F824ACE1F8F0}
	EndGlobalSection
EndGlobal
